
Microsoft Visual Studio Solution File, Format Version 12.00
# Visual Studio 15
VisualStudioVersion = 15.0.28307.329
MinimumVisualStudioVersion = 10.0.40219.1
Project("{FAE04EC0-301F-11D3-BF4B-00C04F79EFBC}") = "Interpolation", "Interpolation\Interpolation.csproj", "{A410FB9F-0155-4BFA-9063-A8F82719100B}"
EndProject
Global
	GlobalSection(SolutionConfigurationPlatforms) = preSolution
		Debug|Any CPU = Debug|Any CPU
		Release|Any CPU = Release|Any CPU
	EndGlobalSection
	GlobalSection(ProjectConfigurationPlatforms) = postSolution
		{A410FB9F-0155-4BFA-9063-A8F82719100B}.Debug|Any CPU.ActiveCfg = Debug|Any CPU
		{A410FB9F-0155-4BFA-9063-A8F82719100B}.Debug|Any CPU.Build.0 = Debug|Any CPU
		{A410FB9F-0155-4BFA-9063-A8F82719100B}.Release|Any CPU.ActiveCfg = Release|Any CPU
		{A410FB9F-0155-4BFA-9063-A8F82719100B}.Release|Any CPU.Build.0 = Release|Any CPU
	EndGlobalSection
	GlobalSection(SolutionProperties) = preSolution
		HideSolutionNode = FALSE
	EndGlobalSection
	GlobalSection(ExtensibilityGlobals) = postSolution
		SolutionGuid = {95C168D8-54CB-4852-892E-34E4B10AF79B}
	EndGlobalSection
EndGlobal
